
Microsoft Visual Studio Solution File, Format Version 12.00
# Visual Studio Version 17
VisualStudioVersion = 17.8.34511.84
MinimumVisualStudioVersion = 10.0.40219.1
Project("{8BC9CEB8-8B4A-11D0-8D11-00A0C91BC942}") = "EvenIC++", "EvenIC++\EvenIC++.vcxproj", "{7A6A0F33-A1C7-4D93-AA81-B4556388BBB8}"
EndProject
Project("{8BC9CEB8-8B4A-11D0-8D11-00A0C91BC942}") = "Player", "Player\Player.vcxproj", "{F79513D1-036C-4AF4-A9CD-1D20AFF5EB1E}"
EndProject
Project("{8BC9CEB8-8B4A-11D0-8D11-00A0C91BC942}") = "0x08", "0x08\0x08.vcxproj", "{5F91DA9B-1B20-42E8-9E1A-53B0A33855A7}"
EndProject
Project("{8BC9CEB8-8B4A-11D0-8D11-00A0C91BC942}") = "0x09강", "0x09강\0x09강.vcxproj", "{4F962E70-7E98-4A66-B235-B1D695AD7960}"
EndProject
Project("{8BC9CEB8-8B4A-11D0-8D11-00A0C91BC942}") = "recursion", "recursion\recursion.vcxproj", "{239A2757-BE3D-4004-A343-F17EC636F6D4}"
EndProject
Project("{8BC9CEB8-8B4A-11D0-8D11-00A0C91BC942}") = "backtracking", "backtracking\backtracking.vcxproj", "{26E998EF-BCD3-4E0C-B8F1-7122DCB2FDC0}"
EndProject
Project("{8BC9CEB8-8B4A-11D0-8D11-00A0C91BC942}") = "simulation", "simulation\simulation.vcxproj", "{CD572105-DEA1-4BA4-A73B-EBEBB4092B55}"
EndProject
Global
	GlobalSection(SolutionConfigurationPlatforms) = preSolution
		Debug|x64 = Debug|x64
		Debug|x86 = Debug|x86
		Release|x64 = Release|x64
		Release|x86 = Release|x86
	EndGlobalSection
	GlobalSection(ProjectConfigurationPlatforms) = postSolution
		{7A6A0F33-A1C7-4D93-AA81-B4556388BBB8}.Debug|x64.ActiveCfg = Debug|x64
		{7A6A0F33-A1C7-4D93-AA81-B4556388BBB8}.Debug|x64.Build.0 = Debug|x64
		{7A6A0F33-A1C7-4D93-AA81-B4556388BBB8}.Debug|x86.ActiveCfg = Debug|Win32
		{7A6A0F33-A1C7-4D93-AA81-B4556388BBB8}.Debug|x86.Build.0 = Debug|Win32
		{7A6A0F33-A1C7-4D93-AA81-B4556388BBB8}.Release|x64.ActiveCfg = Release|x64
		{7A6A0F33-A1C7-4D93-AA81-B4556388BBB8}.Release|x64.Build.0 = Release|x64
		{7A6A0F33-A1C7-4D93-AA81-B4556388BBB8}.Release|x86.ActiveCfg = Release|Win32
		{7A6A0F33-A1C7-4D93-AA81-B4556388BBB8}.Release|x86.Build.0 = Release|Win32
		{F79513D1-036C-4AF4-A9CD-1D20AFF5EB1E}.Debug|x64.ActiveCfg = Debug|x64
		{F79513D1-036C-4AF4-A9CD-1D20AFF5EB1E}.Debug|x64.Build.0 = Debug|x64
		{F79513D1-036C-4AF4-A9CD-1D20AFF5EB1E}.Debug|x86.ActiveCfg = Debug|Win32
		{F79513D1-036C-4AF4-A9CD-1D20AFF5EB1E}.Debug|x86.Build.0 = Debug|Win32
		{F79513D1-036C-4AF4-A9CD-1D20AFF5EB1E}.Release|x64.ActiveCfg = Release|x64
		{F79513D1-036C-4AF4-A9CD-1D20AFF5EB1E}.Release|x64.Build.0 = Release|x64
		{F79513D1-036C-4AF4-A9CD-1D20AFF5EB1E}.Release|x86.ActiveCfg = Release|Win32
		{F79513D1-036C-4AF4-A9CD-1D20AFF5EB1E}.Release|x86.Build.0 = Release|Win32
		{5F91DA9B-1B20-42E8-9E1A-53B0A33855A7}.Debug|x64.ActiveCfg = Debug|x64
		{5F91DA9B-1B20-42E8-9E1A-53B0A33855A7}.Debug|x64.Build.0 = Debug|x64
		{5F91DA9B-1B20-42E8-9E1A-53B0A33855A7}.Debug|x86.ActiveCfg = Debug|Win32
		{5F91DA9B-1B20-42E8-9E1A-53B0A33855A7}.Debug|x86.Build.0 = Debug|Win32
		{5F91DA9B-1B20-42E8-9E1A-53B0A33855A7}.Release|x64.ActiveCfg = Release|x64
		{5F91DA9B-1B20-42E8-9E1A-53B0A33855A7}.Release|x64.Build.0 = Release|x64
		{5F91DA9B-1B20-42E8-9E1A-53B0A33855A7}.Release|x86.ActiveCfg = Release|Win32
		{5F91DA9B-1B20-42E8-9E1A-53B0A33855A7}.Release|x86.Build.0 = Release|Win32
		{4F962E70-7E98-4A66-B235-B1D695AD7960}.Debug|x64.ActiveCfg = Debug|x64
		{4F962E70-7E98-4A66-B235-B1D695AD7960}.Debug|x64.Build.0 = Debug|x64
		{4F962E70-7E98-4A66-B235-B1D695AD7960}.Debug|x86.ActiveCfg = Debug|Win32
		{4F962E70-7E98-4A66-B235-B1D695AD7960}.Debug|x86.Build.0 = Debug|Win32
		{4F962E70-7E98-4A66-B235-B1D695AD7960}.Release|x64.ActiveCfg = Release|x64
		{4F962E70-7E98-4A66-B235-B1D695AD7960}.Release|x64.Build.0 = Release|x64
		{4F962E70-7E98-4A66-B235-B1D695AD7960}.Release|x86.ActiveCfg = Release|Win32
		{4F962E70-7E98-4A66-B235-B1D695AD7960}.Release|x86.Build.0 = Release|Win32
		{239A2757-BE3D-4004-A343-F17EC636F6D4}.Debug|x64.ActiveCfg = Debug|x64
		{239A2757-BE3D-4004-A343-F17EC636F6D4}.Debug|x64.Build.0 = Debug|x64
		{239A2757-BE3D-4004-A343-F17EC636F6D4}.Debug|x86.ActiveCfg = Debug|Win32
		{239A2757-BE3D-4004-A343-F17EC636F6D4}.Debug|x86.Build.0 = Debug|Win32
		{239A2757-BE3D-4004-A343-F17EC636F6D4}.Release|x64.ActiveCfg = Release|x64
		{239A2757-BE3D-4004-A343-F17EC636F6D4}.Release|x64.Build.0 = Release|x64
		{239A2757-BE3D-4004-A343-F17EC636F6D4}.Release|x86.ActiveCfg = Release|Win32
		{239A2757-BE3D-4004-A343-F17EC636F6D4}.Release|x86.Build.0 = Release|Win32
		{26E998EF-BCD3-4E0C-B8F1-7122DCB2FDC0}.Debug|x64.ActiveCfg = Debug|x64
		{26E998EF-BCD3-4E0C-B8F1-7122DCB2FDC0}.Debug|x64.Build.0 = Debug|x64
		{26E998EF-BCD3-4E0C-B8F1-7122DCB2FDC0}.Debug|x86.ActiveCfg = Debug|Win32
		{26E998EF-BCD3-4E0C-B8F1-7122DCB2FDC0}.Debug|x86.Build.0 = Debug|Win32
		{26E998EF-BCD3-4E0C-B8F1-7122DCB2FDC0}.Release|x64.ActiveCfg = Release|x64
		{26E998EF-BCD3-4E0C-B8F1-7122DCB2FDC0}.Release|x64.Build.0 = Release|x64
		{26E998EF-BCD3-4E0C-B8F1-7122DCB2FDC0}.Release|x86.ActiveCfg = Release|Win32
		{26E998EF-BCD3-4E0C-B8F1-7122DCB2FDC0}.Release|x86.Build.0 = Release|Win32
		{CD572105-DEA1-4BA4-A73B-EBEBB4092B55}.Debug|x64.ActiveCfg = Debug|x64
		{CD572105-DEA1-4BA4-A73B-EBEBB4092B55}.Debug|x64.Build.0 = Debug|x64
		{CD572105-DEA1-4BA4-A73B-EBEBB4092B55}.Debug|x86.ActiveCfg = Debug|Win32
		{CD572105-DEA1-4BA4-A73B-EBEBB4092B55}.Debug|x86.Build.0 = Debug|Win32
		{CD572105-DEA1-4BA4-A73B-EBEBB4092B55}.Release|x64.ActiveCfg = Release|x64
		{CD572105-DEA1-4BA4-A73B-EBEBB4092B55}.Release|x64.Build.0 = Release|x64
		{CD572105-DEA1-4BA4-A73B-EBEBB4092B55}.Release|x86.ActiveCfg = Release|Win32
		{CD572105-DEA1-4BA4-A73B-EBEBB4092B55}.Release|x86.Build.0 = Release|Win32
	EndGlobalSection
	GlobalSection(SolutionProperties) = preSolution
		HideSolutionNode = FALSE
	EndGlobalSection
	GlobalSection(ExtensibilityGlobals) = postSolution
		SolutionGuid = {CE70A82B-E65D-4B54-9D65-C13849C46F16}
	EndGlobalSection
EndGlobal
