
Microsoft Visual Studio Solution File, Format Version 12.00
# Visual Studio Version 17
VisualStudioVersion = 17.8.34511.84
MinimumVisualStudioVersion = 10.0.40219.1
Project("{FAE04EC0-301F-11D3-BF4B-00C04F79EFBC}") = "EvenIC#", "EvenIC#\EvenIC#.csproj", "{9E6ACED1-3628-4244-8A96-9F2A980F8C1D}"
EndProject
Global
	GlobalSection(SolutionConfigurationPlatforms) = preSolution
		Debug|Any CPU = Debug|Any CPU
		Release|Any CPU = Release|Any CPU
	EndGlobalSection
	GlobalSection(ProjectConfigurationPlatforms) = postSolution
		{9E6ACED1-3628-4244-8A96-9F2A980F8C1D}.Debug|Any CPU.ActiveCfg = Debug|Any CPU
		{9E6ACED1-3628-4244-8A96-9F2A980F8C1D}.Debug|Any CPU.Build.0 = Debug|Any CPU
		{9E6ACED1-3628-4244-8A96-9F2A980F8C1D}.Release|Any CPU.ActiveCfg = Release|Any CPU
		{9E6ACED1-3628-4244-8A96-9F2A980F8C1D}.Release|Any CPU.Build.0 = Release|Any CPU
	EndGlobalSection
	GlobalSection(SolutionProperties) = preSolution
		HideSolutionNode = FALSE
	EndGlobalSection
	GlobalSection(ExtensibilityGlobals) = postSolution
		SolutionGuid = {7A7E8066-656E-4190-BBE9-F674A48A0D7D}
	EndGlobalSection
EndGlobal
