
Microsoft Visual Studio Solution File, Format Version 12.00
# Visual Studio Version 17
VisualStudioVersion = 17.8.34511.84
MinimumVisualStudioVersion = 10.0.40219.1
Project("{9A19103F-16F7-4668-BE54-9A1E7A4F7556}") = "EvenIC#", "EvenIC#\EvenIC#.csproj", "{9E6ACED1-3628-4244-8A96-9F2A980F8C1D}"
EndProject
Project("{2150E333-8FDC-42A3-9474-1A3956D46DE8}") = "솔루션 항목", "솔루션 항목", "{B69B59EC-5454-4889-B584-6FE9AE89B727}"
EndProject
Project("{9A19103F-16F7-4668-BE54-9A1E7A4F7556}") = "Player", "Player\Player.csproj", "{E07D9671-A3A3-4366-B08A-6418AD44D182}"
EndProject
Project("{FAE04EC0-301F-11D3-BF4B-00C04F79EFBC}") = "TryCatchFinallyDemo", "TryCatchFinallyDemo\TryCatchFinallyDemo.csproj", "{37E4C130-4562-40B7-BB31-AB167855AC79}"
EndProject
Project("{FAE04EC0-301F-11D3-BF4B-00C04F79EFBC}") = "stack", "stack\stack.csproj", "{1F07D000-CE70-4B8D-A06A-F8D3E2C5A252}"
EndProject
Project("{FAE04EC0-301F-11D3-BF4B-00C04F79EFBC}") = "EnumerableDemo", "EnumerableDemo\EnumerableDemo.csproj", "{F5148E28-89D9-43E2-A547-4C7A0B6A6B2D}"
EndProject
Project("{FAE04EC0-301F-11D3-BF4B-00C04F79EFBC}") = "Linq", "Linq\Linq.csproj", "{78EE8797-B52E-46FE-8AF1-947BC1F3632A}"
EndProject
Project("{FAE04EC0-301F-11D3-BF4B-00C04F79EFBC}") = "algorithm", "algorithm\algorithm.csproj", "{EC77B689-EF7B-4D9C-973A-C316C30757EB}"
EndProject
Global
	GlobalSection(SolutionConfigurationPlatforms) = preSolution
		Debug|Any CPU = Debug|Any CPU
		Release|Any CPU = Release|Any CPU
	EndGlobalSection
	GlobalSection(ProjectConfigurationPlatforms) = postSolution
		{9E6ACED1-3628-4244-8A96-9F2A980F8C1D}.Debug|Any CPU.ActiveCfg = Debug|Any CPU
		{9E6ACED1-3628-4244-8A96-9F2A980F8C1D}.Debug|Any CPU.Build.0 = Debug|Any CPU
		{9E6ACED1-3628-4244-8A96-9F2A980F8C1D}.Release|Any CPU.ActiveCfg = Release|Any CPU
		{9E6ACED1-3628-4244-8A96-9F2A980F8C1D}.Release|Any CPU.Build.0 = Release|Any CPU
		{E07D9671-A3A3-4366-B08A-6418AD44D182}.Debug|Any CPU.ActiveCfg = Debug|Any CPU
		{E07D9671-A3A3-4366-B08A-6418AD44D182}.Debug|Any CPU.Build.0 = Debug|Any CPU
		{E07D9671-A3A3-4366-B08A-6418AD44D182}.Release|Any CPU.ActiveCfg = Release|Any CPU
		{E07D9671-A3A3-4366-B08A-6418AD44D182}.Release|Any CPU.Build.0 = Release|Any CPU
		{37E4C130-4562-40B7-BB31-AB167855AC79}.Debug|Any CPU.ActiveCfg = Debug|Any CPU
		{37E4C130-4562-40B7-BB31-AB167855AC79}.Debug|Any CPU.Build.0 = Debug|Any CPU
		{37E4C130-4562-40B7-BB31-AB167855AC79}.Release|Any CPU.ActiveCfg = Release|Any CPU
		{37E4C130-4562-40B7-BB31-AB167855AC79}.Release|Any CPU.Build.0 = Release|Any CPU
		{1F07D000-CE70-4B8D-A06A-F8D3E2C5A252}.Debug|Any CPU.ActiveCfg = Debug|Any CPU
		{1F07D000-CE70-4B8D-A06A-F8D3E2C5A252}.Debug|Any CPU.Build.0 = Debug|Any CPU
		{1F07D000-CE70-4B8D-A06A-F8D3E2C5A252}.Release|Any CPU.ActiveCfg = Release|Any CPU
		{1F07D000-CE70-4B8D-A06A-F8D3E2C5A252}.Release|Any CPU.Build.0 = Release|Any CPU
		{F5148E28-89D9-43E2-A547-4C7A0B6A6B2D}.Debug|Any CPU.ActiveCfg = Debug|Any CPU
		{F5148E28-89D9-43E2-A547-4C7A0B6A6B2D}.Debug|Any CPU.Build.0 = Debug|Any CPU
		{F5148E28-89D9-43E2-A547-4C7A0B6A6B2D}.Release|Any CPU.ActiveCfg = Release|Any CPU
		{F5148E28-89D9-43E2-A547-4C7A0B6A6B2D}.Release|Any CPU.Build.0 = Release|Any CPU
		{78EE8797-B52E-46FE-8AF1-947BC1F3632A}.Debug|Any CPU.ActiveCfg = Debug|Any CPU
		{78EE8797-B52E-46FE-8AF1-947BC1F3632A}.Debug|Any CPU.Build.0 = Debug|Any CPU
		{78EE8797-B52E-46FE-8AF1-947BC1F3632A}.Release|Any CPU.ActiveCfg = Release|Any CPU
		{78EE8797-B52E-46FE-8AF1-947BC1F3632A}.Release|Any CPU.Build.0 = Release|Any CPU
		{EC77B689-EF7B-4D9C-973A-C316C30757EB}.Debug|Any CPU.ActiveCfg = Debug|Any CPU
		{EC77B689-EF7B-4D9C-973A-C316C30757EB}.Debug|Any CPU.Build.0 = Debug|Any CPU
		{EC77B689-EF7B-4D9C-973A-C316C30757EB}.Release|Any CPU.ActiveCfg = Release|Any CPU
		{EC77B689-EF7B-4D9C-973A-C316C30757EB}.Release|Any CPU.Build.0 = Release|Any CPU
	EndGlobalSection
	GlobalSection(SolutionProperties) = preSolution
		HideSolutionNode = FALSE
	EndGlobalSection
	GlobalSection(NestedProjects) = preSolution
		{1F07D000-CE70-4B8D-A06A-F8D3E2C5A252} = {B69B59EC-5454-4889-B584-6FE9AE89B727}
	EndGlobalSection
	GlobalSection(ExtensibilityGlobals) = postSolution
		SolutionGuid = {7A7E8066-656E-4190-BBE9-F674A48A0D7D}
	EndGlobalSection
EndGlobal
