
Microsoft Visual Studio Solution File, Format Version 12.00
# Visual Studio Version 17
VisualStudioVersion = 17.8.34511.84
MinimumVisualStudioVersion = 10.0.40219.1
Project("{9A19103F-16F7-4668-BE54-9A1E7A4F7556}") = "EvenIC#", "EvenIC#\EvenIC#.csproj", "{9E6ACED1-3628-4244-8A96-9F2A980F8C1D}"
EndProject
Project("{2150E333-8FDC-42A3-9474-1A3956D46DE8}") = "솔루션 항목", "솔루션 항목", "{B69B59EC-5454-4889-B584-6FE9AE89B727}"
EndProject
Project("{FAE04EC0-301F-11D3-BF4B-00C04F79EFBC}") = "CS 19", "CS 19\CS 19.csproj", "{526DDC53-33E9-41C9-8E3C-54A4090A88B7}"
EndProject
Global
	GlobalSection(SolutionConfigurationPlatforms) = preSolution
		Debug|Any CPU = Debug|Any CPU
		Release|Any CPU = Release|Any CPU
	EndGlobalSection
	GlobalSection(ProjectConfigurationPlatforms) = postSolution
		{9E6ACED1-3628-4244-8A96-9F2A980F8C1D}.Debug|Any CPU.ActiveCfg = Debug|Any CPU
		{9E6ACED1-3628-4244-8A96-9F2A980F8C1D}.Debug|Any CPU.Build.0 = Debug|Any CPU
		{9E6ACED1-3628-4244-8A96-9F2A980F8C1D}.Release|Any CPU.ActiveCfg = Release|Any CPU
		{9E6ACED1-3628-4244-8A96-9F2A980F8C1D}.Release|Any CPU.Build.0 = Release|Any CPU
		{526DDC53-33E9-41C9-8E3C-54A4090A88B7}.Debug|Any CPU.ActiveCfg = Debug|Any CPU
		{526DDC53-33E9-41C9-8E3C-54A4090A88B7}.Debug|Any CPU.Build.0 = Debug|Any CPU
		{526DDC53-33E9-41C9-8E3C-54A4090A88B7}.Release|Any CPU.ActiveCfg = Release|Any CPU
		{526DDC53-33E9-41C9-8E3C-54A4090A88B7}.Release|Any CPU.Build.0 = Release|Any CPU
	EndGlobalSection
	GlobalSection(SolutionProperties) = preSolution
		HideSolutionNode = FALSE
	EndGlobalSection
	GlobalSection(ExtensibilityGlobals) = postSolution
		SolutionGuid = {7A7E8066-656E-4190-BBE9-F674A48A0D7D}
	EndGlobalSection
EndGlobal
