
Microsoft Visual Studio Solution File, Format Version 12.00
# Visual Studio Version 17
VisualStudioVersion = 17.8.34511.84
MinimumVisualStudioVersion = 10.0.40219.1
Project("{FAE04EC0-301F-11D3-BF4B-00C04F79EFBC}") = "EvenICS2", "EvenICS2\EvenICS2.csproj", "{CBFCE93B-C11E-4965-AC13-4CFAB35E6DB3}"
EndProject
Global
	GlobalSection(SolutionConfigurationPlatforms) = preSolution
		Debug|Any CPU = Debug|Any CPU
		Release|Any CPU = Release|Any CPU
	EndGlobalSection
	GlobalSection(ProjectConfigurationPlatforms) = postSolution
		{CBFCE93B-C11E-4965-AC13-4CFAB35E6DB3}.Debug|Any CPU.ActiveCfg = Debug|Any CPU
		{CBFCE93B-C11E-4965-AC13-4CFAB35E6DB3}.Debug|Any CPU.Build.0 = Debug|Any CPU
		{CBFCE93B-C11E-4965-AC13-4CFAB35E6DB3}.Release|Any CPU.ActiveCfg = Release|Any CPU
		{CBFCE93B-C11E-4965-AC13-4CFAB35E6DB3}.Release|Any CPU.Build.0 = Release|Any CPU
	EndGlobalSection
	GlobalSection(SolutionProperties) = preSolution
		HideSolutionNode = FALSE
	EndGlobalSection
	GlobalSection(ExtensibilityGlobals) = postSolution
		SolutionGuid = {AC23A5B9-8396-4122-B64A-5C1BA36A2ACA}
	EndGlobalSection
EndGlobal
